PODS:
  - NETURLSchemeHandler (0.1.5)

DEPENDENCIES:
  - NETURLSchemeHandler (from `../`)

EXTERNAL SOURCES:
  NETURLSchemeHandler:
    :path: "../"

SPEC CHECKSUMS:
  NETURLSchemeHandler: 7e3b68bea1d06062f22adf8fbcb971149cbc1379

PODFILE CHECKSUM: 06768bb0f52378d88802c328a31abc883a8b7a35

COCOAPODS: 1.10.1
