PODS:
  - NETURLSchemeHandler (0.1.4)

DEPENDENCIES:
  - NETURLSchemeHandler (from `../`)

EXTERNAL SOURCES:
  NETURLSchemeHandler:
    :path: "../"

SPEC CHECKSUMS:
  NETURLSchemeHandler: cbcc8d9903f61475cdc78b0cba4c4338b97da269

PODFILE CHECKSUM: 06768bb0f52378d88802c328a31abc883a8b7a35

COCOAPODS: 1.9.3
